
Microsoft Visual Studio Solution File, Format Version 12.00
# Visual Studio 2012
Project("{FAE04EC0-301F-11D3-BF4B-00C04F79EFBC}") = "iMax.Mathematics", "iMax.Mathematics\iMax.Mathematics.csproj", "{6A891978-39F0-4914-952D-4FD2FB24C67E}"
EndProject
Global
	GlobalSection(SolutionConfigurationPlatforms) = preSolution
		Debug|Any CPU = Debug|Any CPU
		Release|Any CPU = Release|Any CPU
	EndGlobalSection
	GlobalSection(ProjectConfigurationPlatforms) = postSolution
		{6A891978-39F0-4914-952D-4FD2FB24C67E}.Debug|Any CPU.ActiveCfg = Debug|Any CPU
		{6A891978-39F0-4914-952D-4FD2FB24C67E}.Debug|Any CPU.Build.0 = Debug|Any CPU
		{6A891978-39F0-4914-952D-4FD2FB24C67E}.Release|Any CPU.ActiveCfg = Release|Any CPU
		{6A891978-39F0-4914-952D-4FD2FB24C67E}.Release|Any CPU.Build.0 = Release|Any CPU
	EndGlobalSection
	GlobalSection(SolutionProperties) = preSolution
		HideSolutionNode = FALSE
	EndGlobalSection
EndGlobal
